
Microsoft Visual Studio Solution File, Format Version 12.00
# Visual Studio Version 17
VisualStudioVersion = 17.5.002.0
MinimumVisualStudioVersion = 10.0.40219.1
Project("{9A19103F-16F7-4668-BE54-9A1E7A4F7556}") = "NguyenVanLinh_22115053122225", "NguyenVanLinh_22115053122225.csproj", "{594990CD-8910-4D8E-90E7-33D7FB6DD5C3}"
EndProject
Global
	GlobalSection(SolutionConfigurationPlatforms) = preSolution
		Debug|Any CPU = Debug|Any CPU
		Release|Any CPU = Release|Any CPU
	EndGlobalSection
	GlobalSection(ProjectConfigurationPlatforms) = postSolution
		{594990CD-8910-4D8E-90E7-33D7FB6DD5C3}.Debug|Any CPU.ActiveCfg = Debug|Any CPU
		{594990CD-8910-4D8E-90E7-33D7FB6DD5C3}.Debug|Any CPU.Build.0 = Debug|Any CPU
		{594990CD-8910-4D8E-90E7-33D7FB6DD5C3}.Release|Any CPU.ActiveCfg = Release|Any CPU
		{594990CD-8910-4D8E-90E7-33D7FB6DD5C3}.Release|Any CPU.Build.0 = Release|Any CPU
	EndGlobalSection
	GlobalSection(SolutionProperties) = preSolution
		HideSolutionNode = FALSE
	EndGlobalSection
	GlobalSection(ExtensibilityGlobals) = postSolution
		SolutionGuid = {F93E2058-4476-4E3A-B328-C32842743138}
	EndGlobalSection
EndGlobal
